
Microsoft Visual Studio Solution File, Format Version 12.00
Project("{FAE04EC0-301F-11D3-BF4B-00C04F79EFBC}") = "Master_of_Mankind", "Master_of_Mankind.csproj", "{007A4F07-A50B-47BE-BB2E-F1FF52DEDCE1}"
EndProject
Global
	GlobalSection(SolutionConfigurationPlatforms) = preSolution
		Debug|Any CPU = Debug|Any CPU
		ExportDebug|Any CPU = ExportDebug|Any CPU
		ExportRelease|Any CPU = ExportRelease|Any CPU
	EndGlobalSection
	GlobalSection(ProjectConfigurationPlatforms) = postSolution
		{007A4F07-A50B-47BE-BB2E-F1FF52DEDCE1}.Debug|Any CPU.ActiveCfg = Debug|Any CPU
		{007A4F07-A50B-47BE-BB2E-F1FF52DEDCE1}.Debug|Any CPU.Build.0 = Debug|Any CPU
		{007A4F07-A50B-47BE-BB2E-F1FF52DEDCE1}.ExportDebug|Any CPU.ActiveCfg = ExportDebug|Any CPU
		{007A4F07-A50B-47BE-BB2E-F1FF52DEDCE1}.ExportDebug|Any CPU.Build.0 = ExportDebug|Any CPU
		{007A4F07-A50B-47BE-BB2E-F1FF52DEDCE1}.ExportRelease|Any CPU.ActiveCfg = ExportRelease|Any CPU
		{007A4F07-A50B-47BE-BB2E-F1FF52DEDCE1}.ExportRelease|Any CPU.Build.0 = ExportRelease|Any CPU
	EndGlobalSection
EndGlobal
